
Microsoft Visual Studio Solution File, Format Version 12.00
# Visual Studio Version 17
VisualStudioVersion = 17.6.33829.357
MinimumVisualStudioVersion = 10.0.40219.1
Project("{FAE04EC0-301F-11D3-BF4B-00C04F79EFBC}") = "sdPlugin", "sdPlugin\sdPlugin.csproj", "{5BA15960-1E1C-43E1-857F-36929DEFFBE5}"
EndProject
Global
	GlobalSection(SolutionConfigurationPlatforms) = preSolution
		Debug|Any CPU = Debug|Any CPU
		Release|Any CPU = Release|Any CPU
	EndGlobalSection
	GlobalSection(ProjectConfigurationPlatforms) = postSolution
		{5BA15960-1E1C-43E1-857F-36929DEFFBE5}.Debug|Any CPU.ActiveCfg = Debug|Any CPU
		{5BA15960-1E1C-43E1-857F-36929DEFFBE5}.Debug|Any CPU.Build.0 = Debug|Any CPU
		{5BA15960-1E1C-43E1-857F-36929DEFFBE5}.Release|Any CPU.ActiveCfg = Release|Any CPU
		{5BA15960-1E1C-43E1-857F-36929DEFFBE5}.Release|Any CPU.Build.0 = Release|Any CPU
	EndGlobalSection
	GlobalSection(SolutionProperties) = preSolution
		HideSolutionNode = FALSE
	EndGlobalSection
	GlobalSection(ExtensibilityGlobals) = postSolution
		SolutionGuid = {6F4F4C2D-1B86-4347-8697-9013DECD82B9}
	EndGlobalSection
EndGlobal
